
Microsoft Visual Studio Solution File, Format Version 12.00
# Visual Studio Version 17
VisualStudioVersion = 17.5.002.0
MinimumVisualStudioVersion = 10.0.40219.1
Project("{9A19103F-16F7-4668-BE54-9A1E7A4F7556}") = "TradingEngineServer", "TradingEngineServer\TradingEngineServer.csproj", "{8E609489-7C90-4E3A-BBEC-82AC14FB7450}"
EndProject
Project("{FAE04EC0-301F-11D3-BF4B-00C04F79EFBC}") = "LoggingCS", "LoggingCS\LoggingCS.csproj", "{513C57BB-8240-49B0-9085-7711DF4197FD}"
EndProject
Global
	GlobalSection(SolutionConfigurationPlatforms) = preSolution
		Debug|Any CPU = Debug|Any CPU
		Release|Any CPU = Release|Any CPU
	EndGlobalSection
	GlobalSection(ProjectConfigurationPlatforms) = postSolution
		{8E609489-7C90-4E3A-BBEC-82AC14FB7450}.Debug|Any CPU.ActiveCfg = Debug|Any CPU
		{8E609489-7C90-4E3A-BBEC-82AC14FB7450}.Debug|Any CPU.Build.0 = Debug|Any CPU
		{8E609489-7C90-4E3A-BBEC-82AC14FB7450}.Release|Any CPU.ActiveCfg = Release|Any CPU
		{8E609489-7C90-4E3A-BBEC-82AC14FB7450}.Release|Any CPU.Build.0 = Release|Any CPU
		{513C57BB-8240-49B0-9085-7711DF4197FD}.Debug|Any CPU.ActiveCfg = Debug|Any CPU
		{513C57BB-8240-49B0-9085-7711DF4197FD}.Debug|Any CPU.Build.0 = Debug|Any CPU
		{513C57BB-8240-49B0-9085-7711DF4197FD}.Release|Any CPU.ActiveCfg = Release|Any CPU
		{513C57BB-8240-49B0-9085-7711DF4197FD}.Release|Any CPU.Build.0 = Release|Any CPU
	EndGlobalSection
	GlobalSection(SolutionProperties) = preSolution
		HideSolutionNode = FALSE
	EndGlobalSection
	GlobalSection(ExtensibilityGlobals) = postSolution
		SolutionGuid = {ED92D84A-ABF7-4C8F-9670-FFB682B4E598}
	EndGlobalSection
EndGlobal
